
Microsoft Visual Studio Solution File, Format Version 12.00
# Visual Studio Version 16
VisualStudioVersion = 16.0.31702.278
MinimumVisualStudioVersion = 10.0.40219.1
Project("{FAE04EC0-301F-11D3-BF4B-00C04F79EFBC}") = "HerenciaPractica", "HerenciaTeoria\HerenciaPractica.csproj", "{97CCB807-5AA1-4D54-BA12-5C0AE969B21E}"
EndProject
Global
	GlobalSection(SolutionConfigurationPlatforms) = preSolution
		Debug|Any CPU = Debug|Any CPU
		Release|Any CPU = Release|Any CPU
	EndGlobalSection
	GlobalSection(ProjectConfigurationPlatforms) = postSolution
		{97CCB807-5AA1-4D54-BA12-5C0AE969B21E}.Debug|Any CPU.ActiveCfg = Debug|Any CPU
		{97CCB807-5AA1-4D54-BA12-5C0AE969B21E}.Debug|Any CPU.Build.0 = Debug|Any CPU
		{97CCB807-5AA1-4D54-BA12-5C0AE969B21E}.Release|Any CPU.ActiveCfg = Release|Any CPU
		{97CCB807-5AA1-4D54-BA12-5C0AE969B21E}.Release|Any CPU.Build.0 = Release|Any CPU
	EndGlobalSection
	GlobalSection(SolutionProperties) = preSolution
		HideSolutionNode = FALSE
	EndGlobalSection
	GlobalSection(ExtensibilityGlobals) = postSolution
		SolutionGuid = {AD97093A-D820-4952-944D-A17DA477F106}
	EndGlobalSection
EndGlobal
