
Microsoft Visual Studio Solution File, Format Version 12.00
# Visual Studio Version 16
VisualStudioVersion = 16.0.31702.278
MinimumVisualStudioVersion = 10.0.40219.1
Project("{FAE04EC0-301F-11D3-BF4B-00C04F79EFBC}") = "herencia", "herencia\herencia.csproj", "{B21A30BD-E4EA-4F02-9DE5-74ED3ADCE26D}"
EndProject
Global
	GlobalSection(SolutionConfigurationPlatforms) = preSolution
		Debug|Any CPU = Debug|Any CPU
		Release|Any CPU = Release|Any CPU
	EndGlobalSection
	GlobalSection(ProjectConfigurationPlatforms) = postSolution
		{B21A30BD-E4EA-4F02-9DE5-74ED3ADCE26D}.Debug|Any CPU.ActiveCfg = Debug|Any CPU
		{B21A30BD-E4EA-4F02-9DE5-74ED3ADCE26D}.Debug|Any CPU.Build.0 = Debug|Any CPU
		{B21A30BD-E4EA-4F02-9DE5-74ED3ADCE26D}.Release|Any CPU.ActiveCfg = Release|Any CPU
		{B21A30BD-E4EA-4F02-9DE5-74ED3ADCE26D}.Release|Any CPU.Build.0 = Release|Any CPU
	EndGlobalSection
	GlobalSection(SolutionProperties) = preSolution
		HideSolutionNode = FALSE
	EndGlobalSection
	GlobalSection(ExtensibilityGlobals) = postSolution
		SolutionGuid = {00A00D80-CF29-4DE4-BBC8-21B4DD5CD474}
	EndGlobalSection
EndGlobal
